// !$*UTF8*$!
{
	archiveVersion = 1;
	classes = {
	};
	objectVersion = 48;
	objects = {

/* Begin PBXBuildFile section */
		DC0019331FBC8EED00651835 /* ItemDetailsViewController.swift in Sources */ = {isa = PBXBuildFile; fileRef = DC0019321FBC8EEC00651835 /* ItemDetailsViewController.swift */; };
		DC0019351FBCA99D00651835 /* ManagePageViewController.swift in Sources */ = {isa = PBXBuildFile; fileRef = DC0019341FBCA99D00651835 /* ManagePageViewController.swift */; };
		DC0019371FBCC03100651835 /* FullDescriptionViewController.swift in Sources */ = {isa = PBXBuildFile; fileRef = DC0019361FBCC03100651835 /* FullDescriptionViewController.swift */; };
		DC0019971FBCD48800651835 /* Info.plist in Resources */ = {isa = PBXBuildFile; fileRef = DC0019961FBCD48800651835 /* Info.plist */; };
		DC0019991FBDEE3E00651835 /* BottomButtonsViewController.swift in Sources */ = {isa = PBXBuildFile; fileRef = DC0019981FBDEE3E00651835 /* BottomButtonsViewController.swift */; };
		DC0019D11FBE055C00651835 /* .gitkeep in Resources */ = {isa = PBXBuildFile; fileRef = DC0019C81FBE055C00651835 /* .gitkeep */; };
		DC0019D21FBE055C00651835 /* ActivityIndicator.swift in Sources */ = {isa = PBXBuildFile; fileRef = DC0019C91FBE055C00651835 /* ActivityIndicator.swift */; };
		DC0019D31FBE055C00651835 /* FullScreenSlideshowViewController.swift in Sources */ = {isa = PBXBuildFile; fileRef = DC0019CA1FBE055C00651835 /* FullScreenSlideshowViewController.swift */; };
		DC0019D41FBE055C00651835 /* ImageSlideshow 17-34-16-973.swift in Sources */ = {isa = PBXBuildFile; fileRef = DC0019CB1FBE055C00651835 /* ImageSlideshow 17-34-16-973.swift */; };
		DC0019D51FBE055C00651835 /* ImageSlideshowItem.swift in Sources */ = {isa = PBXBuildFile; fileRef = DC0019CC1FBE055C00651835 /* ImageSlideshowItem.swift */; };
		DC0019D61FBE055C00651835 /* InputSource.swift in Sources */ = {isa = PBXBuildFile; fileRef = DC0019CD1FBE055C00651835 /* InputSource.swift */; };
		DC0019D71FBE055C00651835 /* UIImage+AspectFit.swift in Sources */ = {isa = PBXBuildFile; fileRef = DC0019CE1FBE055C00651835 /* UIImage+AspectFit.swift */; };
		DC0019D81FBE055C00651835 /* UIImageView+Tools.swift in Sources */ = {isa = PBXBuildFile; fileRef = DC0019CF1FBE055C00651835 /* UIImageView+Tools.swift */; };
		DC0019D91FBE055C00651835 /* ZoomAnimatedTransitioning.swift in Sources */ = {isa = PBXBuildFile; fileRef = DC0019D01FBE055C00651835 /* ZoomAnimatedTransitioning.swift */; };
		DC0019DB1FBE0EBB00651835 /* CategoryViewController.swift in Sources */ = {isa = PBXBuildFile; fileRef = DC0019DA1FBE0EBB00651835 /* CategoryViewController.swift */; };
		DC09032A1FBB683600CD04C1 /* DividerLabel.swift in Sources */ = {isa = PBXBuildFile; fileRef = DC0903291FBB683600CD04C1 /* DividerLabel.swift */; };
		DC09032C1FBB69A700CD04C1 /* NewAccountViewController.swift in Sources */ = {isa = PBXBuildFile; fileRef = DC09032B1FBB69A700CD04C1 /* NewAccountViewController.swift */; };
		DC09032E1FBB6F4B00CD04C1 /* ItemsListViewController.swift in Sources */ = {isa = PBXBuildFile; fileRef = DC09032D1FBB6F4B00CD04C1 /* ItemsListViewController.swift */; };
		DC17BC261FB8DFEB0056035A /* AppDelegate.swift in Sources */ = {isa = PBXBuildFile; fileRef = DC17BC251FB8DFEB0056035A /* AppDelegate.swift */; };
		DC17BC2B1FB8DFEB0056035A /* Main.storyboard in Resources */ = {isa = PBXBuildFile; fileRef = DC17BC291FB8DFEB0056035A /* Main.storyboard */; };
		DC17BC2E1FB8DFEB0056035A /* VolgaFashion.xcdatamodeld in Sources */ = {isa = PBXBuildFile; fileRef = DC17BC2C1FB8DFEB0056035A /* VolgaFashion.xcdatamodeld */; };
		DC17BC301FB8DFEB0056035A /* Assets.xcassets in Resources */ = {isa = PBXBuildFile; fileRef = DC17BC2F1FB8DFEB0056035A /* Assets.xcassets */; };
		DC17BC331FB8DFEB0056035A /* LaunchScreen.storyboard in Resources */ = {isa = PBXBuildFile; fileRef = DC17BC311FB8DFEB0056035A /* LaunchScreen.storyboard */; };
		DC17BC3D1FB8E9D80056035A /* Gotham Book Regular.otf in Resources */ = {isa = PBXBuildFile; fileRef = DC17BC3C1FB8E9D80056035A /* Gotham Book Regular.otf */; };
		DC17BC451FB9BA4E0056035A /* ShopViewController.swift in Sources */ = {isa = PBXBuildFile; fileRef = DC17BC441FB9BA4E0056035A /* ShopViewController.swift */; };
		DC17BC491FB9D0130056035A /* CategoryButton.swift in Sources */ = {isa = PBXBuildFile; fileRef = DC17BC481FB9D0130056035A /* CategoryButton.swift */; };
		DC17BC4B1FB9ED130056035A /* WishlistViewController.swift in Sources */ = {isa = PBXBuildFile; fileRef = DC17BC4A1FB9ED130056035A /* WishlistViewController.swift */; };
		DC17BC4D1FB9EE890056035A /* CustomButton.swift in Sources */ = {isa = PBXBuildFile; fileRef = DC17BC4C1FB9EE890056035A /* CustomButton.swift */; };
		DC17BC4F1FB9F5EB0056035A /* MyBagViewController.swift in Sources */ = {isa = PBXBuildFile; fileRef = DC17BC4E1FB9F5EB0056035A /* MyBagViewController.swift */; };
		DC17BC511FB9FFC70056035A /* SignInViewController.swift in Sources */ = {isa = PBXBuildFile; fileRef = DC17BC501FB9FFC70056035A /* SignInViewController.swift */; };
		DC17BC531FBA01300056035A /* MyAccountViewController.swift in Sources */ = {isa = PBXBuildFile; fileRef = DC17BC521FBA01300056035A /* MyAccountViewController.swift */; };
		DC17BC551FBA05FE0056035A /* CustomNavView.swift in Sources */ = {isa = PBXBuildFile; fileRef = DC17BC541FBA05FE0056035A /* CustomNavView.swift */; };
		DC7506441FBB7338007CF6A6 /* ItemViewCell.swift in Sources */ = {isa = PBXBuildFile; fileRef = DC7506431FBB7338007CF6A6 /* ItemViewCell.swift */; };
		DC7506461FBC6BBB007CF6A6 /* ItemTitleLabel.swift in Sources */ = {isa = PBXBuildFile; fileRef = DC7506451FBC6BBB007CF6A6 /* ItemTitleLabel.swift */; };
		DC7506481FBC6C4B007CF6A6 /* PriceLabel.swift in Sources */ = {isa = PBXBuildFile; fileRef = DC7506471FBC6C4B007CF6A6 /* PriceLabel.swift */; };
		DC75064A1FBC6D8B007CF6A6 /* CustomItemCellView.swift in Sources */ = {isa = PBXBuildFile; fileRef = DC7506491FBC6D8B007CF6A6 /* CustomItemCellView.swift */; };
/* End PBXBuildFile section */

/* Begin PBXFileReference section */
		DC0019321FBC8EEC00651835 /* ItemDetailsViewController.swift */ = {isa = PBXFileReference; lastKnownFileType = sourcecode.swift; path = ItemDetailsViewController.swift; sourceTree = "<group>"; };
		DC0019341FBCA99D00651835 /* ManagePageViewController.swift */ = {isa = PBXFileReference; lastKnownFileType = sourcecode.swift; path = ManagePageViewController.swift; sourceTree = "<group>"; };
		DC0019361FBCC03100651835 /* FullDescriptionViewController.swift */ = {isa = PBXFileReference; lastKnownFileType = sourcecode.swift; path = FullDescriptionViewController.swift; sourceTree = "<group>"; };
		DC0019951FBCD48800651835 /* ImageSlideshow_framework.h */ = {isa = PBXFileReference; fileEncoding = 4; lastKnownFileType = sourcecode.c.h; path = ImageSlideshow_framework.h; sourceTree = "<group>"; };
		DC0019961FBCD48800651835 /* Info.plist */ = {isa = PBXFileReference; fileEncoding = 4; lastKnownFileType = text.plist.xml; path = Info.plist; sourceTree = "<group>"; };
		DC0019981FBDEE3E00651835 /* BottomButtonsViewController.swift */ = {isa = PBXFileReference; lastKnownFileType = sourcecode.swift; path = BottomButtonsViewController.swift; sourceTree = "<group>"; };
		DC0019C81FBE055C00651835 /* .gitkeep */ = {isa = PBXFileReference; fileEncoding = 4; lastKnownFileType = text; path = .gitkeep; sourceTree = "<group>"; };
		DC0019C91FBE055C00651835 /* ActivityIndicator.swift */ = {isa = PBXFileReference; fileEncoding = 4; lastKnownFileType = sourcecode.swift; path = ActivityIndicator.swift; sourceTree = "<group>"; };
		DC0019CA1FBE055C00651835 /* FullScreenSlideshowViewController.swift */ = {isa = PBXFileReference; fileEncoding = 4; lastKnownFileType = sourcecode.swift; path = FullScreenSlideshowViewController.swift; sourceTree = "<group>"; };
		DC0019CB1FBE055C00651835 /* ImageSlideshow 17-34-16-973.swift */ = {isa = PBXFileReference; fileEncoding = 4; lastKnownFileType = sourcecode.swift; path = "ImageSlideshow 17-34-16-973.swift"; sourceTree = "<group>"; };
		DC0019CC1FBE055C00651835 /* ImageSlideshowItem.swift */ = {isa = PBXFileReference; fileEncoding = 4; lastKnownFileType = sourcecode.swift; path = ImageSlideshowItem.swift; sourceTree = "<group>"; };
		DC0019CD1FBE055C00651835 /* InputSource.swift */ = {isa = PBXFileReference; fileEncoding = 4; lastKnownFileType = sourcecode.swift; path = InputSource.swift; sourceTree = "<group>"; };
		DC0019CE1FBE055C00651835 /* UIImage+AspectFit.swift */ = {isa = PBXFileReference; fileEncoding = 4; lastKnownFileType = sourcecode.swift; path = "UIImage+AspectFit.swift"; sourceTree = "<group>"; };
		DC0019CF1FBE055C00651835 /* UIImageView+Tools.swift */ = {isa = PBXFileReference; fileEncoding = 4; lastKnownFileType = sourcecode.swift; path = "UIImageView+Tools.swift"; sourceTree = "<group>"; };
		DC0019D01FBE055C00651835 /* ZoomAnimatedTransitioning.swift */ = {isa = PBXFileReference; fileEncoding = 4; lastKnownFileType = sourcecode.swift; path = ZoomAnimatedTransitioning.swift; sourceTree = "<group>"; };
		DC0019DA1FBE0EBB00651835 /* CategoryViewController.swift */ = {isa = PBXFileReference; lastKnownFileType = sourcecode.swift; path = CategoryViewController.swift; sourceTree = "<group>"; };
		DC0903291FBB683600CD04C1 /* DividerLabel.swift */ = {isa = PBXFileReference; lastKnownFileType = sourcecode.swift; path = DividerLabel.swift; sourceTree = "<group>"; };
		DC09032B1FBB69A700CD04C1 /* NewAccountViewController.swift */ = {isa = PBXFileReference; lastKnownFileType = sourcecode.swift; path = NewAccountViewController.swift; sourceTree = "<group>"; };
		DC09032D1FBB6F4B00CD04C1 /* ItemsListViewController.swift */ = {isa = PBXFileReference; lastKnownFileType = sourcecode.swift; path = ItemsListViewController.swift; sourceTree = "<group>"; };
		DC17BC221FB8DFEB0056035A /* VolgaFashion.app */ = {isa = PBXFileReference; explicitFileType = wrapper.application; includeInIndex = 0; path = VolgaFashion.app; sourceTree = BUILT_PRODUCTS_DIR; };
		DC17BC251FB8DFEB0056035A /* AppDelegate.swift */ = {isa = PBXFileReference; lastKnownFileType = sourcecode.swift; path = AppDelegate.swift; sourceTree = "<group>"; };
		DC17BC2A1FB8DFEB0056035A /* Base */ = {isa = PBXFileReference; lastKnownFileType = file.storyboard; name = Base; path = Base.lproj/Main.storyboard; sourceTree = "<group>"; };
		DC17BC2D1FB8DFEB0056035A /* VolgaFashion.xcdatamodel */ = {isa = PBXFileReference; lastKnownFileType = wrapper.xcdatamodel; path = VolgaFashion.xcdatamodel; sourceTree = "<group>"; };
		DC17BC2F1FB8DFEB0056035A /* Assets.xcassets */ = {isa = PBXFileReference; lastKnownFileType = folder.assetcatalog; path = Assets.xcassets; sourceTree = "<group>"; };
		DC17BC321FB8DFEB0056035A /* Base */ = {isa = PBXFileReference; lastKnownFileType = file.storyboard; name = Base; path = Base.lproj/LaunchScreen.storyboard; sourceTree = "<group>"; };
		DC17BC341FB8DFEB0056035A /* Info.plist */ = {isa = PBXFileReference; lastKnownFileType = text.plist.xml; path = Info.plist; sourceTree = "<group>"; };
		DC17BC3C1FB8E9D80056035A /* Gotham Book Regular.otf */ = {isa = PBXFileReference; lastKnownFileType = file; path = "Gotham Book Regular.otf"; sourceTree = "<group>"; };
		DC17BC441FB9BA4E0056035A /* ShopViewController.swift */ = {isa = PBXFileReference; lastKnownFileType = sourcecode.swift; path = ShopViewController.swift; sourceTree = "<group>"; };
		DC17BC481FB9D0130056035A /* CategoryButton.swift */ = {isa = PBXFileReference; lastKnownFileType = sourcecode.swift; path = CategoryButton.swift; sourceTree = "<group>"; };
		DC17BC4A1FB9ED130056035A /* WishlistViewController.swift */ = {isa = PBXFileReference; lastKnownFileType = sourcecode.swift; path = WishlistViewController.swift; sourceTree = "<group>"; };
		DC17BC4C1FB9EE890056035A /* CustomButton.swift */ = {isa = PBXFileReference; lastKnownFileType = sourcecode.swift; path = CustomButton.swift; sourceTree = "<group>"; };
		DC17BC4E1FB9F5EB0056035A /* MyBagViewController.swift */ = {isa = PBXFileReference; lastKnownFileType = sourcecode.swift; path = MyBagViewController.swift; sourceTree = "<group>"; };
		DC17BC501FB9FFC70056035A /* SignInViewController.swift */ = {isa = PBXFileReference; lastKnownFileType = sourcecode.swift; path = SignInViewController.swift; sourceTree = "<group>"; };
		DC17BC521FBA01300056035A /* MyAccountViewController.swift */ = {isa = PBXFileReference; lastKnownFileType = sourcecode.swift; path = MyAccountViewController.swift; sourceTree = "<group>"; };
		DC17BC541FBA05FE0056035A /* CustomNavView.swift */ = {isa = PBXFileReference; lastKnownFileType = sourcecode.swift; path = CustomNavView.swift; sourceTree = "<group>"; };
		DC7506431FBB7338007CF6A6 /* ItemViewCell.swift */ = {isa = PBXFileReference; lastKnownFileType = sourcecode.swift; path = ItemViewCell.swift; sourceTree = "<group>"; };
		DC7506451FBC6BBB007CF6A6 /* ItemTitleLabel.swift */ = {isa = PBXFileReference; lastKnownFileType = sourcecode.swift; path = ItemTitleLabel.swift; sourceTree = "<group>"; };
		DC7506471FBC6C4B007CF6A6 /* PriceLabel.swift */ = {isa = PBXFileReference; lastKnownFileType = sourcecode.swift; path = PriceLabel.swift; sourceTree = "<group>"; };
		DC7506491FBC6D8B007CF6A6 /* CustomItemCellView.swift */ = {isa = PBXFileReference; lastKnownFileType = sourcecode.swift; path = CustomItemCellView.swift; sourceTree = "<group>"; };
/* End PBXFileReference section */

/* Begin PBXFrameworksBuildPhase section */
		DC17BC1F1FB8DFEB0056035A /* Frameworks */ = {
			isa = PBXFrameworksBuildPhase;
			buildActionMask = 2147483647;
			files = (
			);
			runOnlyForDeploymentPostprocessing = 0;
		};
/* End PBXFrameworksBuildPhase section */

/* Begin PBXGroup section */
		DC00196D1FBCD47300651835 /* ImageSlideshow */ = {
			isa = PBXGroup;
			children = (
				DC0019C71FBE055C00651835 /* Classes */,
			);
			name = ImageSlideshow;
			path = "../../../../../../Downloads/ImageSlideshow-1.4.1/ImageSlideshow";
			sourceTree = "<group>";
		};
		DC0019941FBCD48800651835 /* ImageSlideshow_framework */ = {
			isa = PBXGroup;
			children = (
				DC0019951FBCD48800651835 /* ImageSlideshow_framework.h */,
				DC0019961FBCD48800651835 /* Info.plist */,
			);
			path = ImageSlideshow_framework;
			sourceTree = "<group>";
		};
		DC0019C71FBE055C00651835 /* Classes */ = {
			isa = PBXGroup;
			children = (
				DC0019C81FBE055C00651835 /* .gitkeep */,
				DC0019C91FBE055C00651835 /* ActivityIndicator.swift */,
				DC0019CA1FBE055C00651835 /* FullScreenSlideshowViewController.swift */,
				DC0019CB1FBE055C00651835 /* ImageSlideshow 17-34-16-973.swift */,
				DC0019CC1FBE055C00651835 /* ImageSlideshowItem.swift */,
				DC0019CD1FBE055C00651835 /* InputSource.swift */,
				DC0019CE1FBE055C00651835 /* UIImage+AspectFit.swift */,
				DC0019CF1FBE055C00651835 /* UIImageView+Tools.swift */,
				DC0019D01FBE055C00651835 /* ZoomAnimatedTransitioning.swift */,
			);
			name = Classes;
			path = ImageSlideshow/Classes;
			sourceTree = SOURCE_ROOT;
		};
		DC17BC191FB8DFEB0056035A = {
			isa = PBXGroup;
			children = (
				DC17BC241FB8DFEB0056035A /* VolgaFashion */,
				DC17BC231FB8DFEB0056035A /* Products */,
				DC00196D1FBCD47300651835 /* ImageSlideshow */,
				DC0019941FBCD48800651835 /* ImageSlideshow_framework */,
			);
			sourceTree = "<group>";
		};
		DC17BC231FB8DFEB0056035A /* Products */ = {
			isa = PBXGroup;
			children = (
				DC17BC221FB8DFEB0056035A /* VolgaFashion.app */,
			);
			name = Products;
			sourceTree = "<group>";
		};
		DC17BC241FB8DFEB0056035A /* VolgaFashion */ = {
			isa = PBXGroup;
			children = (
				DC17BC411FB9B9E50056035A /* SupportFiles */,
				DC17BC401FB9B9DF0056035A /* Views */,
				DC17BC3F1FB9B9D80056035A /* Models */,
				DC17BC3E1FB9B9C90056035A /* Controllers */,
				DC17BC291FB8DFEB0056035A /* Main.storyboard */,
				DC17BC2F1FB8DFEB0056035A /* Assets.xcassets */,
				DC17BC311FB8DFEB0056035A /* LaunchScreen.storyboard */,
				DC17BC341FB8DFEB0056035A /* Info.plist */,
				DC17BC2C1FB8DFEB0056035A /* VolgaFashion.xcdatamodeld */,
			);
			path = VolgaFashion;
			sourceTree = "<group>";
		};
		DC17BC3E1FB9B9C90056035A /* Controllers */ = {
			isa = PBXGroup;
			children = (
				DC17BC441FB9BA4E0056035A /* ShopViewController.swift */,
				DC17BC4A1FB9ED130056035A /* WishlistViewController.swift */,
				DC17BC4E1FB9F5EB0056035A /* MyBagViewController.swift */,
				DC17BC501FB9FFC70056035A /* SignInViewController.swift */,
				DC17BC521FBA01300056035A /* MyAccountViewController.swift */,
				DC09032B1FBB69A700CD04C1 /* NewAccountViewController.swift */,
				DC09032D1FBB6F4B00CD04C1 /* ItemsListViewController.swift */,
				DC0019321FBC8EEC00651835 /* ItemDetailsViewController.swift */,
				DC0019341FBCA99D00651835 /* ManagePageViewController.swift */,
				DC0019361FBCC03100651835 /* FullDescriptionViewController.swift */,
				DC0019981FBDEE3E00651835 /* BottomButtonsViewController.swift */,
				DC0019DA1FBE0EBB00651835 /* CategoryViewController.swift */,
			);
			path = Controllers;
			sourceTree = "<group>";
		};
		DC17BC3F1FB9B9D80056035A /* Models */ = {
			isa = PBXGroup;
			children = (
			);
			path = Models;
			sourceTree = "<group>";
		};
		DC17BC401FB9B9DF0056035A /* Views */ = {
			isa = PBXGroup;
			children = (
				DC17BC481FB9D0130056035A /* CategoryButton.swift */,
				DC17BC4C1FB9EE890056035A /* CustomButton.swift */,
				DC17BC541FBA05FE0056035A /* CustomNavView.swift */,
				DC0903291FBB683600CD04C1 /* DividerLabel.swift */,
				DC7506431FBB7338007CF6A6 /* ItemViewCell.swift */,
				DC7506451FBC6BBB007CF6A6 /* ItemTitleLabel.swift */,
				DC7506471FBC6C4B007CF6A6 /* PriceLabel.swift */,
				DC7506491FBC6D8B007CF6A6 /* CustomItemCellView.swift */,
			);
			path = Views;
			sourceTree = "<group>";
		};
		DC17BC411FB9B9E50056035A /* SupportFiles */ = {
			isa = PBXGroup;
			children = (
				DC17BC3C1FB8E9D80056035A /* Gotham Book Regular.otf */,
				DC17BC251FB8DFEB0056035A /* AppDelegate.swift */,
			);
			path = SupportFiles;
			sourceTree = "<group>";
		};
/* End PBXGroup section */

/* Begin PBXNativeTarget section */
		DC17BC211FB8DFEB0056035A /* VolgaFashion */ = {
			isa = PBXNativeTarget;
			buildConfigurationList = DC17BC371FB8DFEB0056035A /* Build configuration list for PBXNativeTarget "VolgaFashion" */;
			buildPhases = (
				DC17BC1E1FB8DFEB0056035A /* Sources */,
				DC17BC1F1FB8DFEB0056035A /* Frameworks */,
				DC17BC201FB8DFEB0056035A /* Resources */,
			);
			buildRules = (
			);
			dependencies = (
			);
			name = VolgaFashion;
			productName = VolgaFashion;
			productReference = DC17BC221FB8DFEB0056035A /* VolgaFashion.app */;
			productType = "com.apple.product-type.application";
		};
/* End PBXNativeTarget section */

/* Begin PBXProject section */
		DC17BC1A1FB8DFEB0056035A /* Project object */ = {
			isa = PBXProject;
			attributes = {
				LastSwiftUpdateCheck = 0900;
				LastUpgradeCheck = 0900;
				ORGANIZATIONNAME = Syngmaster;
				TargetAttributes = {
					DC17BC211FB8DFEB0056035A = {
						CreatedOnToolsVersion = 9.0.1;
						ProvisioningStyle = Automatic;
					};
				};
			};
			buildConfigurationList = DC17BC1D1FB8DFEB0056035A /* Build configuration list for PBXProject "VolgaFashion" */;
			compatibilityVersion = "Xcode 8.0";
			developmentRegion = en;
			hasScannedForEncodings = 0;
			knownRegions = (
				en,
				Base,
			);
			mainGroup = DC17BC191FB8DFEB0056035A;
			productRefGroup = DC17BC231FB8DFEB0056035A /* Products */;
			projectDirPath = "";
			projectRoot = "";
			targets = (
				DC17BC211FB8DFEB0056035A /* VolgaFashion */,
			);
		};
/* End PBXProject section */

/* Begin PBXResourcesBuildPhase section */
		DC17BC201FB8DFEB0056035A /* Resources */ = {
			isa = PBXResourcesBuildPhase;
			buildActionMask = 2147483647;
			files = (
				DC17BC3D1FB8E9D80056035A /* Gotham Book Regular.otf in Resources */,
				DC17BC331FB8DFEB0056035A /* LaunchScreen.storyboard in Resources */,
				DC0019971FBCD48800651835 /* Info.plist in Resources */,
				DC0019D11FBE055C00651835 /* .gitkeep in Resources */,
				DC17BC301FB8DFEB0056035A /* Assets.xcassets in Resources */,
				DC17BC2B1FB8DFEB0056035A /* Main.storyboard in Resources */,
			);
			runOnlyForDeploymentPostprocessing = 0;
		};
/* End PBXResourcesBuildPhase section */

/* Begin PBXSourcesBuildPhase section */
		DC17BC1E1FB8DFEB0056035A /* Sources */ = {
			isa = PBXSourcesBuildPhase;
			buildActionMask = 2147483647;
			files = (
				DC0019D51FBE055C00651835 /* ImageSlideshowItem.swift in Sources */,
				DC7506461FBC6BBB007CF6A6 /* ItemTitleLabel.swift in Sources */,
				DC0019D81FBE055C00651835 /* UIImageView+Tools.swift in Sources */,
				DC17BC4F1FB9F5EB0056035A /* MyBagViewController.swift in Sources */,
				DC0019331FBC8EED00651835 /* ItemDetailsViewController.swift in Sources */,
				DC17BC451FB9BA4E0056035A /* ShopViewController.swift in Sources */,
				DC09032A1FBB683600CD04C1 /* DividerLabel.swift in Sources */,
				DC17BC491FB9D0130056035A /* CategoryButton.swift in Sources */,
				DC17BC4D1FB9EE890056035A /* CustomButton.swift in Sources */,
				DC0019D31FBE055C00651835 /* FullScreenSlideshowViewController.swift in Sources */,
				DC0019DB1FBE0EBB00651835 /* CategoryViewController.swift in Sources */,
				DC17BC511FB9FFC70056035A /* SignInViewController.swift in Sources */,
				DC0019371FBCC03100651835 /* FullDescriptionViewController.swift in Sources */,
				DC17BC4B1FB9ED130056035A /* WishlistViewController.swift in Sources */,
				DC0019D71FBE055C00651835 /* UIImage+AspectFit.swift in Sources */,
				DC0019D91FBE055C00651835 /* ZoomAnimatedTransitioning.swift in Sources */,
				DC7506441FBB7338007CF6A6 /* ItemViewCell.swift in Sources */,
				DC75064A1FBC6D8B007CF6A6 /* CustomItemCellView.swift in Sources */,
				DC17BC261FB8DFEB0056035A /* AppDelegate.swift in Sources */,
				DC17BC551FBA05FE0056035A /* CustomNavView.swift in Sources */,
				DC17BC2E1FB8DFEB0056035A /* VolgaFashion.xcdatamodeld in Sources */,
				DC0019D61FBE055C00651835 /* InputSource.swift in Sources */,
				DC09032E1FBB6F4B00CD04C1 /* ItemsListViewController.swift in Sources */,
				DC0019D21FBE055C00651835 /* ActivityIndicator.swift in Sources */,
				DC17BC531FBA01300056035A /* MyAccountViewController.swift in Sources */,
				DC0019D41FBE055C00651835 /* ImageSlideshow 17-34-16-973.swift in Sources */,
				DC0019991FBDEE3E00651835 /* BottomButtonsViewController.swift in Sources */,
				DC7506481FBC6C4B007CF6A6 /* PriceLabel.swift in Sources */,
				DC09032C1FBB69A700CD04C1 /* NewAccountViewController.swift in Sources */,
				DC0019351FBCA99D00651835 /* ManagePageViewController.swift in Sources */,
			);
			runOnlyForDeploymentPostprocessing = 0;
		};
/* End PBXSourcesBuildPhase section */

/* Begin PBXVariantGroup section */
		DC17BC291FB8DFEB0056035A /* Main.storyboard */ = {
			isa = PBXVariantGroup;
			children = (
				DC17BC2A1FB8DFEB0056035A /* Base */,
			);
			name = Main.storyboard;
			sourceTree = "<group>";
		};
		DC17BC311FB8DFEB0056035A /* LaunchScreen.storyboard */ = {
			isa = PBXVariantGroup;
			children = (
				DC17BC321FB8DFEB0056035A /* Base */,
			);
			name = LaunchScreen.storyboard;
			sourceTree = "<group>";
		};
/* End PBXVariantGroup section */

/* Begin XCBuildConfiguration section */
		DC17BC351FB8DFEB0056035A /* Debug */ = {
			isa = XCBuildConfiguration;
			buildSettings = {
				ALWAYS_SEARCH_USER_PATHS = NO;
				CLANG_ANALYZER_NONNULL = YES;
				CLANG_ANALYZER_NUMBER_OBJECT_CONVERSION = YES_AGGRESSIVE;
				CLANG_CXX_LANGUAGE_STANDARD = "gnu++14";
				CLANG_CXX_LIBRARY = "libc++";
				CLANG_ENABLE_MODULES = YES;
				CLANG_ENABLE_OBJC_ARC = YES;
				CLANG_WARN_BLOCK_CAPTURE_AUTORELEASING = YES;
				CLANG_WARN_BOOL_CONVERSION = YES;
				CLANG_WARN_COMMA = YES;
				CLANG_WARN_CONSTANT_CONVERSION = YES;
				CLANG_WARN_DIRECT_OBJC_ISA_USAGE = YES_ERROR;
				CLANG_WARN_DOCUMENTATION_COMMENTS = YES;
				CLANG_WARN_EMPTY_BODY = YES;
				CLANG_WARN_ENUM_CONVERSION = YES;
				CLANG_WARN_INFINITE_RECURSION = YES;
				CLANG_WARN_INT_CONVERSION = YES;
				CLANG_WARN_NON_LITERAL_NULL_CONVERSION = YES;
				CLANG_WARN_OBJC_LITERAL_CONVERSION = YES;
				CLANG_WARN_OBJC_ROOT_CLASS = YES_ERROR;
				CLANG_WARN_RANGE_LOOP_ANALYSIS = YES;
				CLANG_WARN_STRICT_PROTOTYPES = YES;
				CLANG_WARN_SUSPICIOUS_MOVE = YES;
				CLANG_WARN_UNGUARDED_AVAILABILITY = YES_AGGRESSIVE;
				CLANG_WARN_UNREACHABLE_CODE = YES;
				CLANG_WARN__DUPLICATE_METHOD_MATCH = YES;
				CODE_SIGN_IDENTITY = "iPhone Developer";
				COPY_PHASE_STRIP = NO;
				DEBUG_INFORMATION_FORMAT = dwarf;
				ENABLE_STRICT_OBJC_MSGSEND = YES;
				ENABLE_TESTABILITY = YES;
				GCC_C_LANGUAGE_STANDARD = gnu11;
				GCC_DYNAMIC_NO_PIC = NO;
				GCC_NO_COMMON_BLOCKS = YES;
				GCC_OPTIMIZATION_LEVEL = 0;
				GCC_PREPROCESSOR_DEFINITIONS = (
					"DEBUG=1",
					"$(inherited)",
				);
				GCC_WARN_64_TO_32_BIT_CONVERSION = YES;
				GCC_WARN_ABOUT_RETURN_TYPE = YES_ERROR;
				GCC_WARN_UNDECLARED_SELECTOR = YES;
				GCC_WARN_UNINITIALIZED_AUTOS = YES_AGGRESSIVE;
				GCC_WARN_UNUSED_FUNCTION = YES;
				GCC_WARN_UNUSED_VARIABLE = YES;
				IPHONEOS_DEPLOYMENT_TARGET = 11.0;
				MTL_ENABLE_DEBUG_INFO = YES;
				ONLY_ACTIVE_ARCH = YES;
				SDKROOT = iphoneos;
				SWIFT_ACTIVE_COMPILATION_CONDITIONS = DEBUG;
				SWIFT_OPTIMIZATION_LEVEL = "-Onone";
			};
			name = Debug;
		};
		DC17BC361FB8DFEB0056035A /* Release */ = {
			isa = XCBuildConfiguration;
			buildSettings = {
				ALWAYS_SEARCH_USER_PATHS = NO;
				CLANG_ANALYZER_NONNULL = YES;
				CLANG_ANALYZER_NUMBER_OBJECT_CONVERSION = YES_AGGRESSIVE;
				CLANG_CXX_LANGUAGE_STANDARD = "gnu++14";
				CLANG_CXX_LIBRARY = "libc++";
				CLANG_ENABLE_MODULES = YES;
				CLANG_ENABLE_OBJC_ARC = YES;
				CLANG_WARN_BLOCK_CAPTURE_AUTORELEASING = YES;
				CLANG_WARN_BOOL_CONVERSION = YES;
				CLANG_WARN_COMMA = YES;
				CLANG_WARN_CONSTANT_CONVERSION = YES;
				CLANG_WARN_DIRECT_OBJC_ISA_USAGE = YES_ERROR;
				CLANG_WARN_DOCUMENTATION_COMMENTS = YES;
				CLANG_WARN_EMPTY_BODY = YES;
				CLANG_WARN_ENUM_CONVERSION = YES;
				CLANG_WARN_INFINITE_RECURSION = YES;
				CLANG_WARN_INT_CONVERSION = YES;
				CLANG_WARN_NON_LITERAL_NULL_CONVERSION = YES;
				CLANG_WARN_OBJC_LITERAL_CONVERSION = YES;
				CLANG_WARN_OBJC_ROOT_CLASS = YES_ERROR;
				CLANG_WARN_RANGE_LOOP_ANALYSIS = YES;
				CLANG_WARN_STRICT_PROTOTYPES = YES;
				CLANG_WARN_SUSPICIOUS_MOVE = YES;
				CLANG_WARN_UNGUARDED_AVAILABILITY = YES_AGGRESSIVE;
				CLANG_WARN_UNREACHABLE_CODE = YES;
				CLANG_WARN__DUPLICATE_METHOD_MATCH = YES;
				CODE_SIGN_IDENTITY = "iPhone Developer";
				COPY_PHASE_STRIP = NO;
				DEBUG_INFORMATION_FORMAT = "dwarf-with-dsym";
				ENABLE_NS_ASSERTIONS = NO;
				ENABLE_STRICT_OBJC_MSGSEND = YES;
				GCC_C_LANGUAGE_STANDARD = gnu11;
				GCC_NO_COMMON_BLOCKS = YES;
				GCC_WARN_64_TO_32_BIT_CONVERSION = YES;
				GCC_WARN_ABOUT_RETURN_TYPE = YES_ERROR;
				GCC_WARN_UNDECLARED_SELECTOR = YES;
				GCC_WARN_UNINITIALIZED_AUTOS = YES_AGGRESSIVE;
				GCC_WARN_UNUSED_FUNCTION = YES;
				GCC_WARN_UNUSED_VARIABLE = YES;
				IPHONEOS_DEPLOYMENT_TARGET = 11.0;
				MTL_ENABLE_DEBUG_INFO = NO;
				SDKROOT = iphoneos;
				SWIFT_OPTIMIZATION_LEVEL = "-Owholemodule";
				VALIDATE_PRODUCT = YES;
			};
			name = Release;
		};
		DC17BC381FB8DFEB0056035A /* Debug */ = {
			isa = XCBuildConfiguration;
			buildSettings = {
				ASSETCATALOG_COMPILER_APPICON_NAME = AppIcon;
				CODE_SIGN_STYLE = Automatic;
				DEVELOPMENT_TEAM = RLMXU9393M;
				INFOPLIST_FILE = VolgaFashion/Info.plist;
				IPHONEOS_DEPLOYMENT_TARGET = 11.0;
				LD_RUNPATH_SEARCH_PATHS = "$(inherited) @executable_path/Frameworks";
				PRODUCT_BUNDLE_IDENTIFIER = "XC-ios-VolgaFashion";
				PRODUCT_NAME = "$(TARGET_NAME)";
				SWIFT_VERSION = 4.0;
				TARGETED_DEVICE_FAMILY = "1,2";
			};
			name = Debug;
		};
		DC17BC391FB8DFEB0056035A /* Release */ = {
			isa = XCBuildConfiguration;
			buildSettings = {
				ASSETCATALOG_COMPILER_APPICON_NAME = AppIcon;
				CODE_SIGN_STYLE = Automatic;
				DEVELOPMENT_TEAM = RLMXU9393M;
				INFOPLIST_FILE = VolgaFashion/Info.plist;
				IPHONEOS_DEPLOYMENT_TARGET = 11.0;
				LD_RUNPATH_SEARCH_PATHS = "$(inherited) @executable_path/Frameworks";
				PRODUCT_BUNDLE_IDENTIFIER = "XC-ios-VolgaFashion";
				PRODUCT_NAME = "$(TARGET_NAME)";
				SWIFT_VERSION = 4.0;
				TARGETED_DEVICE_FAMILY = "1,2";
			};
			name = Release;
		};
/* End XCBuildConfiguration section */

/* Begin XCConfigurationList section */
		DC17BC1D1FB8DFEB0056035A /* Build configuration list for PBXProject "VolgaFashion" */ = {
			isa = XCConfigurationList;
			buildConfigurations = (
				DC17BC351FB8DFEB0056035A /* Debug */,
				DC17BC361FB8DFEB0056035A /* Release */,
			);
			defaultConfigurationIsVisible = 0;
			defaultConfigurationName = Release;
		};
		DC17BC371FB8DFEB0056035A /* Build configuration list for PBXNativeTarget "VolgaFashion" */ = {
			isa = XCConfigurationList;
			buildConfigurations = (
				DC17BC381FB8DFEB0056035A /* Debug */,
				DC17BC391FB8DFEB0056035A /* Release */,
			);
			defaultConfigurationIsVisible = 0;
			defaultConfigurationName = Release;
		};
/* End XCConfigurationList section */

/* Begin XCVersionGroup section */
		DC17BC2C1FB8DFEB0056035A /* VolgaFashion.xcdatamodeld */ = {
			isa = XCVersionGroup;
			children = (
				DC17BC2D1FB8DFEB0056035A /* VolgaFashion.xcdatamodel */,
			);
			currentVersion = DC17BC2D1FB8DFEB0056035A /* VolgaFashion.xcdatamodel */;
			path = VolgaFashion.xcdatamodeld;
			sourceTree = "<group>";
			versionGroupType = wrapper.xcdatamodel;
		};
/* End XCVersionGroup section */
	};
	rootObject = DC17BC1A1FB8DFEB0056035A /* Project object */;
}
